
Microsoft Visual Studio Solution File, Format Version 12.00
# Visual Studio Version 16
VisualStudioVersion = 16.0.29728.190
MinimumVisualStudioVersion = 10.0.40219.1
Project("{FAE04EC0-301F-11D3-BF4B-00C04F79EFBC}") = "WebAnagrama", "WebAnagrama\WebAnagrama.csproj", "{B02BCB34-1ADD-46AB-9BB6-4DDB5DF4A581}"
EndProject
Project("{9A19103F-16F7-4668-BE54-9A1E7A4F7556}") = "WebAnagrama.test", "test\WebAnagrama.test\WebAnagrama.test.csproj", "{6FAFA74C-4575-45C6-9D9E-43F64BF2884B}"
EndProject
Global
	GlobalSection(SolutionConfigurationPlatforms) = preSolution
		Debug|Any CPU = Debug|Any CPU
		Release|Any CPU = Release|Any CPU
	EndGlobalSection
	GlobalSection(ProjectConfigurationPlatforms) = postSolution
		{B02BCB34-1ADD-46AB-9BB6-4DDB5DF4A581}.Debug|Any CPU.ActiveCfg = Debug|Any CPU
		{B02BCB34-1ADD-46AB-9BB6-4DDB5DF4A581}.Debug|Any CPU.Build.0 = Debug|Any CPU
		{B02BCB34-1ADD-46AB-9BB6-4DDB5DF4A581}.Release|Any CPU.ActiveCfg = Release|Any CPU
		{B02BCB34-1ADD-46AB-9BB6-4DDB5DF4A581}.Release|Any CPU.Build.0 = Release|Any CPU
		{6FAFA74C-4575-45C6-9D9E-43F64BF2884B}.Debug|Any CPU.ActiveCfg = Debug|Any CPU
		{6FAFA74C-4575-45C6-9D9E-43F64BF2884B}.Debug|Any CPU.Build.0 = Debug|Any CPU
		{6FAFA74C-4575-45C6-9D9E-43F64BF2884B}.Release|Any CPU.ActiveCfg = Release|Any CPU
		{6FAFA74C-4575-45C6-9D9E-43F64BF2884B}.Release|Any CPU.Build.0 = Release|Any CPU
	EndGlobalSection
	GlobalSection(SolutionProperties) = preSolution
		HideSolutionNode = FALSE
	EndGlobalSection
	GlobalSection(ExtensibilityGlobals) = postSolution
		SolutionGuid = {3CAAB40A-F06F-4371-92D4-0F78D6B5708B}
	EndGlobalSection
EndGlobal
